
Microsoft Visual Studio Solution File, Format Version 12.00
# Visual Studio Version 17
VisualStudioVersion = 17.14.36414.22 d17.14
MinimumVisualStudioVersion = 10.0.40219.1
Project("{FAE04EC0-301F-11D3-BF4B-00C04F79EFBC}") = "StructType", "StructType\StructType.csproj", "{100C800B-A1B9-4A33-AED7-E5E59C66377A}"
EndProject
Global
	GlobalSection(SolutionConfigurationPlatforms) = preSolution
		Debug|Any CPU = Debug|Any CPU
		Release|Any CPU = Release|Any CPU
	EndGlobalSection
	GlobalSection(ProjectConfigurationPlatforms) = postSolution
		{100C800B-A1B9-4A33-AED7-E5E59C66377A}.Debug|Any CPU.ActiveCfg = Debug|Any CPU
		{100C800B-A1B9-4A33-AED7-E5E59C66377A}.Debug|Any CPU.Build.0 = Debug|Any CPU
		{100C800B-A1B9-4A33-AED7-E5E59C66377A}.Release|Any CPU.ActiveCfg = Release|Any CPU
		{100C800B-A1B9-4A33-AED7-E5E59C66377A}.Release|Any CPU.Build.0 = Release|Any CPU
	EndGlobalSection
	GlobalSection(SolutionProperties) = preSolution
		HideSolutionNode = FALSE
	EndGlobalSection
	GlobalSection(ExtensibilityGlobals) = postSolution
		SolutionGuid = {6C18E572-5CB7-42DA-B265-7DF821B363C2}
	EndGlobalSection
EndGlobal
