
Microsoft Visual Studio Solution File, Format Version 12.00
# Visual Studio Version 17
VisualStudioVersion = 17.14.36414.22 d17.14
MinimumVisualStudioVersion = 10.0.40219.1
Project("{FAE04EC0-301F-11D3-BF4B-00C04F79EFBC}") = "MyClassLine", "MyClassLine\MyClassLine.csproj", "{7D25AB85-E850-4D4B-828F-00291B93C61D}"
EndProject
Global
	GlobalSection(SolutionConfigurationPlatforms) = preSolution
		Debug|Any CPU = Debug|Any CPU
		Release|Any CPU = Release|Any CPU
	EndGlobalSection
	GlobalSection(ProjectConfigurationPlatforms) = postSolution
		{7D25AB85-E850-4D4B-828F-00291B93C61D}.Debug|Any CPU.ActiveCfg = Debug|Any CPU
		{7D25AB85-E850-4D4B-828F-00291B93C61D}.Debug|Any CPU.Build.0 = Debug|Any CPU
		{7D25AB85-E850-4D4B-828F-00291B93C61D}.Release|Any CPU.ActiveCfg = Release|Any CPU
		{7D25AB85-E850-4D4B-828F-00291B93C61D}.Release|Any CPU.Build.0 = Release|Any CPU
	EndGlobalSection
	GlobalSection(SolutionProperties) = preSolution
		HideSolutionNode = FALSE
	EndGlobalSection
	GlobalSection(ExtensibilityGlobals) = postSolution
		SolutionGuid = {06B26200-EF49-4317-9392-373930F19006}
	EndGlobalSection
EndGlobal
